
Microsoft Visual Studio Solution File, Format Version 12.00
# Visual Studio Version 16
VisualStudioVersion = 16.0.30717.126
MinimumVisualStudioVersion = 10.0.40219.1
Project("{9A19103F-16F7-4668-BE54-9A1E7A4F7556}") = "Library.Management.Web", "Library.Management.Web\Library.Management.Web.csproj", "{3BB85B81-4A0C-48D3-8067-EF66671AF3E1}"
EndProject
Project("{9A19103F-16F7-4668-BE54-9A1E7A4F7556}") = "Library.Management.BL", "Library.Management.BL\Library.Management.BL.csproj", "{2AE1AE7E-3A6A-405F-8A4E-0796BA0874CA}"
EndProject
Project("{9A19103F-16F7-4668-BE54-9A1E7A4F7556}") = "Library.Management.DL", "Library.Management.DL\Library.Management.DL.csproj", "{BBCFB2AE-0A76-4298-9930-04C4509D13BE}"
EndProject
Project("{FAE04EC0-301F-11D3-BF4B-00C04F79EFBC}") = "Library.Management.Entity", "Library.Management.Entity\Library.Management.Entity.csproj", "{AF71484A-CE43-45CA-938C-23290F079D79}"
EndProject
Global
	GlobalSection(SolutionConfigurationPlatforms) = preSolution
		Debug|Any CPU = Debug|Any CPU
		Release|Any CPU = Release|Any CPU
	EndGlobalSection
	GlobalSection(ProjectConfigurationPlatforms) = postSolution
		{3BB85B81-4A0C-48D3-8067-EF66671AF3E1}.Debug|Any CPU.ActiveCfg = Debug|Any CPU
		{3BB85B81-4A0C-48D3-8067-EF66671AF3E1}.Debug|Any CPU.Build.0 = Debug|Any CPU
		{3BB85B81-4A0C-48D3-8067-EF66671AF3E1}.Release|Any CPU.ActiveCfg = Release|Any CPU
		{3BB85B81-4A0C-48D3-8067-EF66671AF3E1}.Release|Any CPU.Build.0 = Release|Any CPU
		{2AE1AE7E-3A6A-405F-8A4E-0796BA0874CA}.Debug|Any CPU.ActiveCfg = Debug|Any CPU
		{2AE1AE7E-3A6A-405F-8A4E-0796BA0874CA}.Debug|Any CPU.Build.0 = Debug|Any CPU
		{2AE1AE7E-3A6A-405F-8A4E-0796BA0874CA}.Release|Any CPU.ActiveCfg = Release|Any CPU
		{2AE1AE7E-3A6A-405F-8A4E-0796BA0874CA}.Release|Any CPU.Build.0 = Release|Any CPU
		{BBCFB2AE-0A76-4298-9930-04C4509D13BE}.Debug|Any CPU.ActiveCfg = Debug|Any CPU
		{BBCFB2AE-0A76-4298-9930-04C4509D13BE}.Debug|Any CPU.Build.0 = Debug|Any CPU
		{BBCFB2AE-0A76-4298-9930-04C4509D13BE}.Release|Any CPU.ActiveCfg = Release|Any CPU
		{BBCFB2AE-0A76-4298-9930-04C4509D13BE}.Release|Any CPU.Build.0 = Release|Any CPU
		{AF71484A-CE43-45CA-938C-23290F079D79}.Debug|Any CPU.ActiveCfg = Debug|Any CPU
		{AF71484A-CE43-45CA-938C-23290F079D79}.Debug|Any CPU.Build.0 = Debug|Any CPU
		{AF71484A-CE43-45CA-938C-23290F079D79}.Release|Any CPU.ActiveCfg = Release|Any CPU
		{AF71484A-CE43-45CA-938C-23290F079D79}.Release|Any CPU.Build.0 = Release|Any CPU
	EndGlobalSection
	GlobalSection(SolutionProperties) = preSolution
		HideSolutionNode = FALSE
	EndGlobalSection
	GlobalSection(ExtensibilityGlobals) = postSolution
		SolutionGuid = {23F9C636-E5A3-4295-9AC7-B2A9E2853955}
	EndGlobalSection
EndGlobal
